Microsoft Visual Studio Solution File, Format Version 12.00
# Visual Studio 14
VisualStudioVersion = 14.0.25420.1
MinimumVisualStudioVersion = 10.0.40219.1
Project("{FAE04EC0-301F-11D3-BF4B-00C04F79EFBC}") = "Xamarin.Droid", "Xamarin.Droid\Xamarin.Droid.csproj", "{844380FC-66E7-4B96-84AD-9A2A25D4CD4E}"
EndProject
Project("{FAE04EC0-301F-11D3-BF4B-00C04F79EFBC}") = "Xamarin.Services", "Xamarin.Services\Xamarin.Services.csproj", "{6ECD20D4-A593-4152-8174-69B56DDF4A93}"
EndProject
Global
	GlobalSection(SolutionConfigurationPlatforms) = preSolution
		Debug|Any CPU = Debug|Any CPU
		Release|Any CPU = Release|Any CPU
	EndGlobalSection
	GlobalSection(ProjectConfigurationPlatforms) = postSolution
		{844380FC-66E7-4B96-84AD-9A2A25D4CD4E}.Debug|Any CPU.ActiveCfg = Debug|Any CPU
		{844380FC-66E7-4B96-84AD-9A2A25D4CD4E}.Debug|Any CPU.Build.0 = Debug|Any CPU
		{844380FC-66E7-4B96-84AD-9A2A25D4CD4E}.Release|Any CPU.ActiveCfg = Release|Any CPU
		{844380FC-66E7-4B96-84AD-9A2A25D4CD4E}.Release|Any CPU.Build.0 = Release|Any CPU
		{6ECD20D4-A593-4152-8174-69B56DDF4A93}.Debug|Any CPU.ActiveCfg = Debug|Any CPU
		{6ECD20D4-A593-4152-8174-69B56DDF4A93}.Debug|Any CPU.Build.0 = Debug|Any CPU
		{6ECD20D4-A593-4152-8174-69B56DDF4A93}.Release|Any CPU.ActiveCfg = Release|Any CPU
		{6ECD20D4-A593-4152-8174-69B56DDF4A93}.Release|Any CPU.Build.0 = Release|Any CPU
	EndGlobalSection
	GlobalSection(SolutionProperties) = preSolution
		HideSolutionNode = FALSE
	EndGlobalSection
EndGlobal
